
Microsoft Visual Studio Solution File, Format Version 12.00
# Visual Studio 15
VisualStudioVersion = 15.0.28307.902
MinimumVisualStudioVersion = 10.0.40219.1
Project("{FAE04EC0-301F-11D3-BF4B-00C04F79EFBC}") = "FinnkodeFetcher", "FinnkodeFetcher\FinnkodeFetcher.csproj", "{8E11183F-ED32-4CA8-81FE-72E9245D42E3}"
EndProject
Project("{FAE04EC0-301F-11D3-BF4B-00C04F79EFBC}") = "FinnkodeFetcher.Tests", "FinnkodeFetcher.Tests\FinnkodeFetcher.Tests.csproj", "{EEF986E6-CFDB-4004-8990-D5193230E0EE}"
EndProject
Global
	GlobalSection(SolutionConfigurationPlatforms) = preSolution
		Debug|Any CPU = Debug|Any CPU
		Release|Any CPU = Release|Any CPU
	EndGlobalSection
	GlobalSection(ProjectConfigurationPlatforms) = postSolution
		{8E11183F-ED32-4CA8-81FE-72E9245D42E3}.Debug|Any CPU.ActiveCfg = Debug|Any CPU
		{8E11183F-ED32-4CA8-81FE-72E9245D42E3}.Debug|Any CPU.Build.0 = Debug|Any CPU
		{8E11183F-ED32-4CA8-81FE-72E9245D42E3}.Release|Any CPU.ActiveCfg = Release|Any CPU
		{8E11183F-ED32-4CA8-81FE-72E9245D42E3}.Release|Any CPU.Build.0 = Release|Any CPU
		{EEF986E6-CFDB-4004-8990-D5193230E0EE}.Debug|Any CPU.ActiveCfg = Debug|Any CPU
		{EEF986E6-CFDB-4004-8990-D5193230E0EE}.Debug|Any CPU.Build.0 = Debug|Any CPU
		{EEF986E6-CFDB-4004-8990-D5193230E0EE}.Release|Any CPU.ActiveCfg = Release|Any CPU
		{EEF986E6-CFDB-4004-8990-D5193230E0EE}.Release|Any CPU.Build.0 = Release|Any CPU
	EndGlobalSection
	GlobalSection(SolutionProperties) = preSolution
		HideSolutionNode = FALSE
	EndGlobalSection
	GlobalSection(ExtensibilityGlobals) = postSolution
		SolutionGuid = {6757506C-1714-4887-A1A9-EDCF59F3DBDA}
	EndGlobalSection
EndGlobal
